
Microsoft Visual Studio Solution File, Format Version 12.00
# Visual Studio Version 16
VisualStudioVersion = 16.0.31702.278
MinimumVisualStudioVersion = 10.0.40219.1
Project("{9A19103F-16F7-4668-BE54-9A1E7A4F7556}") = "LimitedPower.Remote", "LimitedPower.ScryfallLib\LimitedPower.Remote.csproj", "{C2CA3B45-EB11-4F17-952B-50BC8D1EE009}"
EndProject
Project("{9A19103F-16F7-4668-BE54-9A1E7A4F7556}") = "LimitedPower.Core", "LimitedPower.Core\LimitedPower.Core.csproj", "{4926758B-0163-402C-9369-1C17A1595696}"
EndProject
Project("{9A19103F-16F7-4668-BE54-9A1E7A4F7556}") = "LimitedPower.Model", "LimitedPower.Model\LimitedPower.Model.csproj", "{AA06521A-BB79-42AF-868A-6D213E68DD63}"
EndProject
Project("{9A19103F-16F7-4668-BE54-9A1E7A4F7556}") = "LimitedPower.Api", "LimitedPower.Api\LimitedPower.Api.csproj", "{0DC80444-5B77-4B70-8BFF-161625EEA7D3}"
EndProject
Project("{9A19103F-16F7-4668-BE54-9A1E7A4F7556}") = "LimitedPower.Tool", "LimitedPower.Tool\LimitedPower.Tool.csproj", "{C432DC62-28EA-457B-AB19-1978AED08368}"
EndProject
Project("{9A19103F-16F7-4668-BE54-9A1E7A4F7556}") = "LimitedPower.Companion", "LimitedPower.Companion\LimitedPower.Companion.csproj", "{4BAB2467-B12C-40AD-BA6B-D96172CF0876}"
EndProject
Project("{9A19103F-16F7-4668-BE54-9A1E7A4F7556}") = "LimitedPower.Companion.Tool", "LimitedPower.Companion.Tool\LimitedPower.Companion.Tool.csproj", "{290714D1-056F-4BF8-96C9-40CBC2A32E56}"
EndProject
Global
	GlobalSection(SolutionConfigurationPlatforms) = preSolution
		Debug|Any CPU = Debug|Any CPU
		Debug|ARM = Debug|ARM
		Debug|ARM64 = Debug|ARM64
		Debug|x64 = Debug|x64
		Debug|x86 = Debug|x86
		Release|Any CPU = Release|Any CPU
		Release|ARM = Release|ARM
		Release|ARM64 = Release|ARM64
		Release|x64 = Release|x64
		Release|x86 = Release|x86
	EndGlobalSection
	GlobalSection(ProjectConfigurationPlatforms) = postSolution
		{C2CA3B45-EB11-4F17-952B-50BC8D1EE009}.Debug|Any CPU.ActiveCfg = Debug|Any CPU
		{C2CA3B45-EB11-4F17-952B-50BC8D1EE009}.Debug|Any CPU.Build.0 = Debug|Any CPU
		{C2CA3B45-EB11-4F17-952B-50BC8D1EE009}.Debug|ARM.ActiveCfg = Debug|Any CPU
		{C2CA3B45-EB11-4F17-952B-50BC8D1EE009}.Debug|ARM.Build.0 = Debug|Any CPU
		{C2CA3B45-EB11-4F17-952B-50BC8D1EE009}.Debug|ARM64.ActiveCfg = Debug|Any CPU
		{C2CA3B45-EB11-4F17-952B-50BC8D1EE009}.Debug|ARM64.Build.0 = Debug|Any CPU
		{C2CA3B45-EB11-4F17-952B-50BC8D1EE009}.Debug|x64.ActiveCfg = Debug|Any CPU
		{C2CA3B45-EB11-4F17-952B-50BC8D1EE009}.Debug|x64.Build.0 = Debug|Any CPU
		{C2CA3B45-EB11-4F17-952B-50BC8D1EE009}.Debug|x86.ActiveCfg = Debug|Any CPU
		{C2CA3B45-EB11-4F17-952B-50BC8D1EE009}.Debug|x86.Build.0 = Debug|Any CPU
		{C2CA3B45-EB11-4F17-952B-50BC8D1EE009}.Release|Any CPU.ActiveCfg = Release|Any CPU
		{C2CA3B45-EB11-4F17-952B-50BC8D1EE009}.Release|Any CPU.Build.0 = Release|Any CPU
		{C2CA3B45-EB11-4F17-952B-50BC8D1EE009}.Release|ARM.ActiveCfg = Release|Any CPU
		{C2CA3B45-EB11-4F17-952B-50BC8D1EE009}.Release|ARM.Build.0 = Release|Any CPU
		{C2CA3B45-EB11-4F17-952B-50BC8D1EE009}.Release|ARM64.ActiveCfg = Release|Any CPU
		{C2CA3B45-EB11-4F17-952B-50BC8D1EE009}.Release|ARM64.Build.0 = Release|Any CPU
		{C2CA3B45-EB11-4F17-952B-50BC8D1EE009}.Release|x64.ActiveCfg = Release|Any CPU
		{C2CA3B45-EB11-4F17-952B-50BC8D1EE009}.Release|x64.Build.0 = Release|Any CPU
		{C2CA3B45-EB11-4F17-952B-50BC8D1EE009}.Release|x86.ActiveCfg = Release|Any CPU
		{C2CA3B45-EB11-4F17-952B-50BC8D1EE009}.Release|x86.Build.0 = Release|Any CPU
		{4926758B-0163-402C-9369-1C17A1595696}.Debug|Any CPU.ActiveCfg = Debug|Any CPU
		{4926758B-0163-402C-9369-1C17A1595696}.Debug|Any CPU.Build.0 = Debug|Any CPU
		{4926758B-0163-402C-9369-1C17A1595696}.Debug|ARM.ActiveCfg = Debug|Any CPU
		{4926758B-0163-402C-9369-1C17A1595696}.Debug|ARM.Build.0 = Debug|Any CPU
		{4926758B-0163-402C-9369-1C17A1595696}.Debug|ARM64.ActiveCfg = Debug|Any CPU
		{4926758B-0163-402C-9369-1C17A1595696}.Debug|ARM64.Build.0 = Debug|Any CPU
		{4926758B-0163-402C-9369-1C17A1595696}.Debug|x64.ActiveCfg = Debug|Any CPU
		{4926758B-0163-402C-9369-1C17A1595696}.Debug|x64.Build.0 = Debug|Any CPU
		{4926758B-0163-402C-9369-1C17A1595696}.Debug|x86.ActiveCfg = Debug|Any CPU
		{4926758B-0163-402C-9369-1C17A1595696}.Debug|x86.Build.0 = Debug|Any CPU
		{4926758B-0163-402C-9369-1C17A1595696}.Release|Any CPU.ActiveCfg = Release|Any CPU
		{4926758B-0163-402C-9369-1C17A1595696}.Release|Any CPU.Build.0 = Release|Any CPU
		{4926758B-0163-402C-9369-1C17A1595696}.Release|ARM.ActiveCfg = Release|Any CPU
		{4926758B-0163-402C-9369-1C17A1595696}.Release|ARM.Build.0 = Release|Any CPU
		{4926758B-0163-402C-9369-1C17A1595696}.Release|ARM64.ActiveCfg = Release|Any CPU
		{4926758B-0163-402C-9369-1C17A1595696}.Release|ARM64.Build.0 = Release|Any CPU
		{4926758B-0163-402C-9369-1C17A1595696}.Release|x64.ActiveCfg = Release|Any CPU
		{4926758B-0163-402C-9369-1C17A1595696}.Release|x64.Build.0 = Release|Any CPU
		{4926758B-0163-402C-9369-1C17A1595696}.Release|x86.ActiveCfg = Release|Any CPU
		{4926758B-0163-402C-9369-1C17A1595696}.Release|x86.Build.0 = Release|Any CPU
		{AA06521A-BB79-42AF-868A-6D213E68DD63}.Debug|Any CPU.ActiveCfg = Debug|Any CPU
		{AA06521A-BB79-42AF-868A-6D213E68DD63}.Debug|Any CPU.Build.0 = Debug|Any CPU
		{AA06521A-BB79-42AF-868A-6D213E68DD63}.Debug|ARM.ActiveCfg = Debug|Any CPU
		{AA06521A-BB79-42AF-868A-6D213E68DD63}.Debug|ARM.Build.0 = Debug|Any CPU
		{AA06521A-BB79-42AF-868A-6D213E68DD63}.Debug|ARM64.ActiveCfg = Debug|Any CPU
		{AA06521A-BB79-42AF-868A-6D213E68DD63}.Debug|ARM64.Build.0 = Debug|Any CPU
		{AA06521A-BB79-42AF-868A-6D213E68DD63}.Debug|x64.ActiveCfg = Debug|Any CPU
		{AA06521A-BB79-42AF-868A-6D213E68DD63}.Debug|x64.Build.0 = Debug|Any CPU
		{AA06521A-BB79-42AF-868A-6D213E68DD63}.Debug|x86.ActiveCfg = Debug|Any CPU
		{AA06521A-BB79-42AF-868A-6D213E68DD63}.Debug|x86.Build.0 = Debug|Any CPU
		{AA06521A-BB79-42AF-868A-6D213E68DD63}.Release|Any CPU.ActiveCfg = Release|Any CPU
		{AA06521A-BB79-42AF-868A-6D213E68DD63}.Release|Any CPU.Build.0 = Release|Any CPU
		{AA06521A-BB79-42AF-868A-6D213E68DD63}.Release|ARM.ActiveCfg = Release|Any CPU
		{AA06521A-BB79-42AF-868A-6D213E68DD63}.Release|ARM.Build.0 = Release|Any CPU
		{AA06521A-BB79-42AF-868A-6D213E68DD63}.Release|ARM64.ActiveCfg = Release|Any CPU
		{AA06521A-BB79-42AF-868A-6D213E68DD63}.Release|ARM64.Build.0 = Release|Any CPU
		{AA06521A-BB79-42AF-868A-6D213E68DD63}.Release|x64.ActiveCfg = Release|Any CPU
		{AA06521A-BB79-42AF-868A-6D213E68DD63}.Release|x64.Build.0 = Release|Any CPU
		{AA06521A-BB79-42AF-868A-6D213E68DD63}.Release|x86.ActiveCfg = Release|Any CPU
		{AA06521A-BB79-42AF-868A-6D213E68DD63}.Release|x86.Build.0 = Release|Any CPU
		{0DC80444-5B77-4B70-8BFF-161625EEA7D3}.Debug|Any CPU.ActiveCfg = Debug|Any CPU
		{0DC80444-5B77-4B70-8BFF-161625EEA7D3}.Debug|Any CPU.Build.0 = Debug|Any CPU
		{0DC80444-5B77-4B70-8BFF-161625EEA7D3}.Debug|ARM.ActiveCfg = Debug|Any CPU
		{0DC80444-5B77-4B70-8BFF-161625EEA7D3}.Debug|ARM.Build.0 = Debug|Any CPU
		{0DC80444-5B77-4B70-8BFF-161625EEA7D3}.Debug|ARM64.ActiveCfg = Debug|Any CPU
		{0DC80444-5B77-4B70-8BFF-161625EEA7D3}.Debug|ARM64.Build.0 = Debug|Any CPU
		{0DC80444-5B77-4B70-8BFF-161625EEA7D3}.Debug|x64.ActiveCfg = Debug|Any CPU
		{0DC80444-5B77-4B70-8BFF-161625EEA7D3}.Debug|x64.Build.0 = Debug|Any CPU
		{0DC80444-5B77-4B70-8BFF-161625EEA7D3}.Debug|x86.ActiveCfg = Debug|Any CPU
		{0DC80444-5B77-4B70-8BFF-161625EEA7D3}.Debug|x86.Build.0 = Debug|Any CPU
		{0DC80444-5B77-4B70-8BFF-161625EEA7D3}.Release|Any CPU.ActiveCfg = Release|Any CPU
		{0DC80444-5B77-4B70-8BFF-161625EEA7D3}.Release|Any CPU.Build.0 = Release|Any CPU
		{0DC80444-5B77-4B70-8BFF-161625EEA7D3}.Release|ARM.ActiveCfg = Release|Any CPU
		{0DC80444-5B77-4B70-8BFF-161625EEA7D3}.Release|ARM.Build.0 = Release|Any CPU
		{0DC80444-5B77-4B70-8BFF-161625EEA7D3}.Release|ARM64.ActiveCfg = Release|Any CPU
		{0DC80444-5B77-4B70-8BFF-161625EEA7D3}.Release|ARM64.Build.0 = Release|Any CPU
		{0DC80444-5B77-4B70-8BFF-161625EEA7D3}.Release|x64.ActiveCfg = Release|Any CPU
		{0DC80444-5B77-4B70-8BFF-161625EEA7D3}.Release|x64.Build.0 = Release|Any CPU
		{0DC80444-5B77-4B70-8BFF-161625EEA7D3}.Release|x86.ActiveCfg = Release|Any CPU
		{0DC80444-5B77-4B70-8BFF-161625EEA7D3}.Release|x86.Build.0 = Release|Any CPU
		{C432DC62-28EA-457B-AB19-1978AED08368}.Debug|Any CPU.ActiveCfg = Debug|Any CPU
		{C432DC62-28EA-457B-AB19-1978AED08368}.Debug|Any CPU.Build.0 = Debug|Any CPU
		{C432DC62-28EA-457B-AB19-1978AED08368}.Debug|ARM.ActiveCfg = Debug|Any CPU
		{C432DC62-28EA-457B-AB19-1978AED08368}.Debug|ARM.Build.0 = Debug|Any CPU
		{C432DC62-28EA-457B-AB19-1978AED08368}.Debug|ARM64.ActiveCfg = Debug|Any CPU
		{C432DC62-28EA-457B-AB19-1978AED08368}.Debug|ARM64.Build.0 = Debug|Any CPU
		{C432DC62-28EA-457B-AB19-1978AED08368}.Debug|x64.ActiveCfg = Debug|Any CPU
		{C432DC62-28EA-457B-AB19-1978AED08368}.Debug|x64.Build.0 = Debug|Any CPU
		{C432DC62-28EA-457B-AB19-1978AED08368}.Debug|x86.ActiveCfg = Debug|Any CPU
		{C432DC62-28EA-457B-AB19-1978AED08368}.Debug|x86.Build.0 = Debug|Any CPU
		{C432DC62-28EA-457B-AB19-1978AED08368}.Release|Any CPU.ActiveCfg = Release|Any CPU
		{C432DC62-28EA-457B-AB19-1978AED08368}.Release|Any CPU.Build.0 = Release|Any CPU
		{C432DC62-28EA-457B-AB19-1978AED08368}.Release|ARM.ActiveCfg = Release|Any CPU
		{C432DC62-28EA-457B-AB19-1978AED08368}.Release|ARM.Build.0 = Release|Any CPU
		{C432DC62-28EA-457B-AB19-1978AED08368}.Release|ARM64.ActiveCfg = Release|Any CPU
		{C432DC62-28EA-457B-AB19-1978AED08368}.Release|ARM64.Build.0 = Release|Any CPU
		{C432DC62-28EA-457B-AB19-1978AED08368}.Release|x64.ActiveCfg = Release|Any CPU
		{C432DC62-28EA-457B-AB19-1978AED08368}.Release|x64.Build.0 = Release|Any CPU
		{C432DC62-28EA-457B-AB19-1978AED08368}.Release|x86.ActiveCfg = Release|Any CPU
		{C432DC62-28EA-457B-AB19-1978AED08368}.Release|x86.Build.0 = Release|Any CPU
		{4BAB2467-B12C-40AD-BA6B-D96172CF0876}.Debug|Any CPU.ActiveCfg = Debug|Any CPU
		{4BAB2467-B12C-40AD-BA6B-D96172CF0876}.Debug|Any CPU.Build.0 = Debug|Any CPU
		{4BAB2467-B12C-40AD-BA6B-D96172CF0876}.Debug|ARM.ActiveCfg = Debug|Any CPU
		{4BAB2467-B12C-40AD-BA6B-D96172CF0876}.Debug|ARM.Build.0 = Debug|Any CPU
		{4BAB2467-B12C-40AD-BA6B-D96172CF0876}.Debug|ARM64.ActiveCfg = Debug|Any CPU
		{4BAB2467-B12C-40AD-BA6B-D96172CF0876}.Debug|ARM64.Build.0 = Debug|Any CPU
		{4BAB2467-B12C-40AD-BA6B-D96172CF0876}.Debug|x64.ActiveCfg = Debug|Any CPU
		{4BAB2467-B12C-40AD-BA6B-D96172CF0876}.Debug|x64.Build.0 = Debug|Any CPU
		{4BAB2467-B12C-40AD-BA6B-D96172CF0876}.Debug|x86.ActiveCfg = Debug|Any CPU
		{4BAB2467-B12C-40AD-BA6B-D96172CF0876}.Debug|x86.Build.0 = Debug|Any CPU
		{4BAB2467-B12C-40AD-BA6B-D96172CF0876}.Release|Any CPU.ActiveCfg = Release|Any CPU
		{4BAB2467-B12C-40AD-BA6B-D96172CF0876}.Release|Any CPU.Build.0 = Release|Any CPU
		{4BAB2467-B12C-40AD-BA6B-D96172CF0876}.Release|ARM.ActiveCfg = Release|Any CPU
		{4BAB2467-B12C-40AD-BA6B-D96172CF0876}.Release|ARM.Build.0 = Release|Any CPU
		{4BAB2467-B12C-40AD-BA6B-D96172CF0876}.Release|ARM64.ActiveCfg = Release|Any CPU
		{4BAB2467-B12C-40AD-BA6B-D96172CF0876}.Release|ARM64.Build.0 = Release|Any CPU
		{4BAB2467-B12C-40AD-BA6B-D96172CF0876}.Release|x64.ActiveCfg = Release|Any CPU
		{4BAB2467-B12C-40AD-BA6B-D96172CF0876}.Release|x64.Build.0 = Release|Any CPU
		{4BAB2467-B12C-40AD-BA6B-D96172CF0876}.Release|x86.ActiveCfg = Release|Any CPU
		{4BAB2467-B12C-40AD-BA6B-D96172CF0876}.Release|x86.Build.0 = Release|Any CPU
		{290714D1-056F-4BF8-96C9-40CBC2A32E56}.Debug|Any CPU.ActiveCfg = Debug|Any CPU
		{290714D1-056F-4BF8-96C9-40CBC2A32E56}.Debug|Any CPU.Build.0 = Debug|Any CPU
		{290714D1-056F-4BF8-96C9-40CBC2A32E56}.Debug|ARM.ActiveCfg = Debug|Any CPU
		{290714D1-056F-4BF8-96C9-40CBC2A32E56}.Debug|ARM.Build.0 = Debug|Any CPU
		{290714D1-056F-4BF8-96C9-40CBC2A32E56}.Debug|ARM64.ActiveCfg = Debug|Any CPU
		{290714D1-056F-4BF8-96C9-40CBC2A32E56}.Debug|ARM64.Build.0 = Debug|Any CPU
		{290714D1-056F-4BF8-96C9-40CBC2A32E56}.Debug|x64.ActiveCfg = Debug|Any CPU
		{290714D1-056F-4BF8-96C9-40CBC2A32E56}.Debug|x64.Build.0 = Debug|Any CPU
		{290714D1-056F-4BF8-96C9-40CBC2A32E56}.Debug|x86.ActiveCfg = Debug|Any CPU
		{290714D1-056F-4BF8-96C9-40CBC2A32E56}.Debug|x86.Build.0 = Debug|Any CPU
		{290714D1-056F-4BF8-96C9-40CBC2A32E56}.Release|Any CPU.ActiveCfg = Release|Any CPU
		{290714D1-056F-4BF8-96C9-40CBC2A32E56}.Release|Any CPU.Build.0 = Release|Any CPU
		{290714D1-056F-4BF8-96C9-40CBC2A32E56}.Release|ARM.ActiveCfg = Release|Any CPU
		{290714D1-056F-4BF8-96C9-40CBC2A32E56}.Release|ARM.Build.0 = Release|Any CPU
		{290714D1-056F-4BF8-96C9-40CBC2A32E56}.Release|ARM64.ActiveCfg = Release|Any CPU
		{290714D1-056F-4BF8-96C9-40CBC2A32E56}.Release|ARM64.Build.0 = Release|Any CPU
		{290714D1-056F-4BF8-96C9-40CBC2A32E56}.Release|x64.ActiveCfg = Release|Any CPU
		{290714D1-056F-4BF8-96C9-40CBC2A32E56}.Release|x64.Build.0 = Release|Any CPU
		{290714D1-056F-4BF8-96C9-40CBC2A32E56}.Release|x86.ActiveCfg = Release|Any CPU
		{290714D1-056F-4BF8-96C9-40CBC2A32E56}.Release|x86.Build.0 = Release|Any CPU
	EndGlobalSection
	GlobalSection(SolutionProperties) = preSolution
		HideSolutionNode = FALSE
	EndGlobalSection
	GlobalSection(ExtensibilityGlobals) = postSolution
		SolutionGuid = {000EF72B-75FF-4A19-B9B4-F333C0EB0A6C}
	EndGlobalSection
EndGlobal
