
Microsoft Visual Studio Solution File, Format Version 12.00
# Visual Studio Version 16
VisualStudioVersion = 16.0.30320.27
MinimumVisualStudioVersion = 10.0.40219.1
Project("{9A19103F-16F7-4668-BE54-9A1E7A4F7556}") = "LimitedPower.Console", "LimitedPower.Console\LimitedPower.Console.csproj", "{5B847E71-9892-4597-AC66-96859A58B791}"
EndProject
Project("{9A19103F-16F7-4668-BE54-9A1E7A4F7556}") = "LimitedPower.ScryfallLib", "LimitedPower.ScryfallLib\LimitedPower.ScryfallLib.csproj", "{C2CA3B45-EB11-4F17-952B-50BC8D1EE009}"
EndProject
Project("{9A19103F-16F7-4668-BE54-9A1E7A4F7556}") = "LimitedPower.Core", "LimitedPower.Core\LimitedPower.Core.csproj", "{4926758B-0163-402C-9369-1C17A1595696}"
EndProject
Project("{2150E333-8FDC-42A3-9474-1A3956D46DE8}") = ".batches", ".batches", "{D989E8F4-F8BC-49F4-AF5B-0B1212B717FB}"
	ProjectSection(SolutionItems) = preProject
		.batches\LoadCardsKhm.bat = .batches\LoadCardsKhm.bat
		.batches\LoadCardsStx.bat = .batches\LoadCardsStx.bat
		.batches\LoadImagesKhm.bat = .batches\LoadImagesKhm.bat
		.batches\LoadImagesStx.bat = .batches\LoadImagesStx.bat
		.batches\LoadRatingsKhm.bat = .batches\LoadRatingsKhm.bat
		.batches\LoadRatingsStx.bat = .batches\LoadRatingsStx.bat
		.batches\stx.json = .batches\stx.json
	EndProjectSection
EndProject
Project("{9A19103F-16F7-4668-BE54-9A1E7A4F7556}") = "LimitedPower.Model", "LimitedPower.Model\LimitedPower.Model.csproj", "{AA06521A-BB79-42AF-868A-6D213E68DD63}"
EndProject
Global
	GlobalSection(SolutionConfigurationPlatforms) = preSolution
		Debug|Any CPU = Debug|Any CPU
		Release|Any CPU = Release|Any CPU
	EndGlobalSection
	GlobalSection(ProjectConfigurationPlatforms) = postSolution
		{5B847E71-9892-4597-AC66-96859A58B791}.Debug|Any CPU.ActiveCfg = Debug|Any CPU
		{5B847E71-9892-4597-AC66-96859A58B791}.Debug|Any CPU.Build.0 = Debug|Any CPU
		{5B847E71-9892-4597-AC66-96859A58B791}.Release|Any CPU.ActiveCfg = Release|Any CPU
		{5B847E71-9892-4597-AC66-96859A58B791}.Release|Any CPU.Build.0 = Release|Any CPU
		{C2CA3B45-EB11-4F17-952B-50BC8D1EE009}.Debug|Any CPU.ActiveCfg = Debug|Any CPU
		{C2CA3B45-EB11-4F17-952B-50BC8D1EE009}.Debug|Any CPU.Build.0 = Debug|Any CPU
		{C2CA3B45-EB11-4F17-952B-50BC8D1EE009}.Release|Any CPU.ActiveCfg = Release|Any CPU
		{C2CA3B45-EB11-4F17-952B-50BC8D1EE009}.Release|Any CPU.Build.0 = Release|Any CPU
		{4926758B-0163-402C-9369-1C17A1595696}.Debug|Any CPU.ActiveCfg = Debug|Any CPU
		{4926758B-0163-402C-9369-1C17A1595696}.Debug|Any CPU.Build.0 = Debug|Any CPU
		{4926758B-0163-402C-9369-1C17A1595696}.Release|Any CPU.ActiveCfg = Release|Any CPU
		{4926758B-0163-402C-9369-1C17A1595696}.Release|Any CPU.Build.0 = Release|Any CPU
		{AA06521A-BB79-42AF-868A-6D213E68DD63}.Debug|Any CPU.ActiveCfg = Debug|Any CPU
		{AA06521A-BB79-42AF-868A-6D213E68DD63}.Debug|Any CPU.Build.0 = Debug|Any CPU
		{AA06521A-BB79-42AF-868A-6D213E68DD63}.Release|Any CPU.ActiveCfg = Release|Any CPU
		{AA06521A-BB79-42AF-868A-6D213E68DD63}.Release|Any CPU.Build.0 = Release|Any CPU
	EndGlobalSection
	GlobalSection(SolutionProperties) = preSolution
		HideSolutionNode = FALSE
	EndGlobalSection
	GlobalSection(ExtensibilityGlobals) = postSolution
		SolutionGuid = {000EF72B-75FF-4A19-B9B4-F333C0EB0A6C}
	EndGlobalSection
EndGlobal
